
Microsoft Visual Studio Solution File, Format Version 12.00
# Visual Studio Version 17
VisualStudioVersion = 17.5.33424.131
MinimumVisualStudioVersion = 10.0.40219.1
Project("{9A19103F-16F7-4668-BE54-9A1E7A4F7556}") = "Singleton", "Singleton\Singleton.csproj", "{0E48DB94-812E-4219-B5C1-B99C868227A8}"
EndProject
Project("{9A19103F-16F7-4668-BE54-9A1E7A4F7556}") = "Builder", "Builder\Builder.csproj", "{619734B3-E687-4192-9F76-0D8A6E8D53CE}"
EndProject
Project("{9A19103F-16F7-4668-BE54-9A1E7A4F7556}") = "FactoryMethod", "FactoryMethod\FactoryMethod.csproj", "{2A9CCC7C-A2A7-4667-907E-B132C0AD5F37}"
EndProject
Project("{FAE04EC0-301F-11D3-BF4B-00C04F79EFBC}") = "Observer", "Observer\Observer.csproj", "{D640AB7A-4609-4967-BC88-8420F5F28389}"
EndProject
Global
	GlobalSection(SolutionConfigurationPlatforms) = preSolution
		Debug|Any CPU = Debug|Any CPU
		Release|Any CPU = Release|Any CPU
	EndGlobalSection
	GlobalSection(ProjectConfigurationPlatforms) = postSolution
		{0E48DB94-812E-4219-B5C1-B99C868227A8}.Debug|Any CPU.ActiveCfg = Debug|Any CPU
		{0E48DB94-812E-4219-B5C1-B99C868227A8}.Debug|Any CPU.Build.0 = Debug|Any CPU
		{0E48DB94-812E-4219-B5C1-B99C868227A8}.Release|Any CPU.ActiveCfg = Release|Any CPU
		{0E48DB94-812E-4219-B5C1-B99C868227A8}.Release|Any CPU.Build.0 = Release|Any CPU
		{619734B3-E687-4192-9F76-0D8A6E8D53CE}.Debug|Any CPU.ActiveCfg = Debug|Any CPU
		{619734B3-E687-4192-9F76-0D8A6E8D53CE}.Debug|Any CPU.Build.0 = Debug|Any CPU
		{619734B3-E687-4192-9F76-0D8A6E8D53CE}.Release|Any CPU.ActiveCfg = Release|Any CPU
		{619734B3-E687-4192-9F76-0D8A6E8D53CE}.Release|Any CPU.Build.0 = Release|Any CPU
		{2A9CCC7C-A2A7-4667-907E-B132C0AD5F37}.Debug|Any CPU.ActiveCfg = Debug|Any CPU
		{2A9CCC7C-A2A7-4667-907E-B132C0AD5F37}.Debug|Any CPU.Build.0 = Debug|Any CPU
		{2A9CCC7C-A2A7-4667-907E-B132C0AD5F37}.Release|Any CPU.ActiveCfg = Release|Any CPU
		{2A9CCC7C-A2A7-4667-907E-B132C0AD5F37}.Release|Any CPU.Build.0 = Release|Any CPU
		{D640AB7A-4609-4967-BC88-8420F5F28389}.Debug|Any CPU.ActiveCfg = Debug|Any CPU
		{D640AB7A-4609-4967-BC88-8420F5F28389}.Debug|Any CPU.Build.0 = Debug|Any CPU
		{D640AB7A-4609-4967-BC88-8420F5F28389}.Release|Any CPU.ActiveCfg = Release|Any CPU
		{D640AB7A-4609-4967-BC88-8420F5F28389}.Release|Any CPU.Build.0 = Release|Any CPU
	EndGlobalSection
	GlobalSection(SolutionProperties) = preSolution
		HideSolutionNode = FALSE
	EndGlobalSection
	GlobalSection(ExtensibilityGlobals) = postSolution
		SolutionGuid = {47E007BC-00B0-43CF-9F82-45152F334CAC}
	EndGlobalSection
EndGlobal
